// !$*UTF8*$!
{
	archiveVersion = 1;
	classes = {
	};
	objectVersion = 50;
	objects = {

/* Begin PBXBuildFile section */
		127412E52355A46E009D2FF5 /* AddTodoViewController.swift in Sources */ = {isa = PBXBuildFile; fileRef = 127412E42355A46E009D2FF5 /* AddTodoViewController.swift */; };
		3D01D4822339E3CC004ABC12 /* AppDelegate.swift in Sources */ = {isa = PBXBuildFile; fileRef = 3D01D4812339E3CC004ABC12 /* AppDelegate.swift */; };
		3D01D4842339E3CC004ABC12 /* SceneDelegate.swift in Sources */ = {isa = PBXBuildFile; fileRef = 3D01D4832339E3CC004ABC12 /* SceneDelegate.swift */; };
		3D01D4862339E3CC004ABC12 /* ViewController.swift in Sources */ = {isa = PBXBuildFile; fileRef = 3D01D4852339E3CC004ABC12 /* ViewController.swift */; };
		3D01D4892339E3CC004ABC12 /* Main.storyboard in Resources */ = {isa = PBXBuildFile; fileRef = 3D01D4872339E3CC004ABC12 /* Main.storyboard */; };
		3D01D48B2339E3CD004ABC12 /* Assets.xcassets in Resources */ = {isa = PBXBuildFile; fileRef = 3D01D48A2339E3CD004ABC12 /* Assets.xcassets */; };
		3D01D48E2339E3CD004ABC12 /* LaunchScreen.storyboard in Resources */ = {isa = PBXBuildFile; fileRef = 3D01D48C2339E3CD004ABC12 /* LaunchScreen.storyboard */; };
		FF20BE37234C6BCC003E7DB5 /* DetailViewController.swift in Sources */ = {isa = PBXBuildFile; fileRef = FF20BE36234C6BCC003E7DB5 /* DetailViewController.swift */; };
		FF49609823432F540027313A /* TodoTableViewCell.swift in Sources */ = {isa = PBXBuildFile; fileRef = FF49609723432F540027313A /* TodoTableViewCell.swift */; };
		FF49609D234331D20027313A /* Todo.swift in Sources */ = {isa = PBXBuildFile; fileRef = FF49609C234331D20027313A /* Todo.swift */; };
		FF49609F234332E20027313A /* TodoManager.swift in Sources */ = {isa = PBXBuildFile; fileRef = FF49609E234332E20027313A /* TodoManager.swift */; };
/* End PBXBuildFile section */

/* Begin PBXFileReference section */
		127412E42355A46E009D2FF5 /* AddTodoViewController.swift */ = {isa = PBXFileReference; lastKnownFileType = sourcecode.swift; path = AddTodoViewController.swift; sourceTree = "<group>"; };
		3D01D47E2339E3CC004ABC12 /* iOS_Academy_2019_2.app */ = {isa = PBXFileReference; explicitFileType = wrapper.application; includeInIndex = 0; path = iOS_Academy_2019_2.app; sourceTree = BUILT_PRODUCTS_DIR; };
		3D01D4812339E3CC004ABC12 /* AppDelegate.swift */ = {isa = PBXFileReference; lastKnownFileType = sourcecode.swift; path = AppDelegate.swift; sourceTree = "<group>"; };
		3D01D4832339E3CC004ABC12 /* SceneDelegate.swift */ = {isa = PBXFileReference; lastKnownFileType = sourcecode.swift; path = SceneDelegate.swift; sourceTree = "<group>"; };
		3D01D4852339E3CC004ABC12 /* ViewController.swift */ = {isa = PBXFileReference; lastKnownFileType = sourcecode.swift; path = ViewController.swift; sourceTree = "<group>"; };
		3D01D4882339E3CC004ABC12 /* Base */ = {isa = PBXFileReference; lastKnownFileType = file.storyboard; name = Base; path = Base.lproj/Main.storyboard; sourceTree = "<group>"; };
		3D01D48A2339E3CD004ABC12 /* Assets.xcassets */ = {isa = PBXFileReference; lastKnownFileType = folder.assetcatalog; path = Assets.xcassets; sourceTree = "<group>"; };
		3D01D48D2339E3CD004ABC12 /* Base */ = {isa = PBXFileReference; lastKnownFileType = file.storyboard; name = Base; path = Base.lproj/LaunchScreen.storyboard; sourceTree = "<group>"; };
		3D01D48F2339E3CD004ABC12 /* Info.plist */ = {isa = PBXFileReference; lastKnownFileType = text.plist.xml; path = Info.plist; sourceTree = "<group>"; };
		FF20BE36234C6BCC003E7DB5 /* DetailViewController.swift */ = {isa = PBXFileReference; lastKnownFileType = sourcecode.swift; path = DetailViewController.swift; sourceTree = "<group>"; };
		FF49609723432F540027313A /* TodoTableViewCell.swift */ = {isa = PBXFileReference; lastKnownFileType = sourcecode.swift; path = TodoTableViewCell.swift; sourceTree = "<group>"; };
		FF49609C234331D20027313A /* Todo.swift */ = {isa = PBXFileReference; lastKnownFileType = sourcecode.swift; path = Todo.swift; sourceTree = "<group>"; };
		FF49609E234332E20027313A /* TodoManager.swift */ = {isa = PBXFileReference; lastKnownFileType = sourcecode.swift; path = TodoManager.swift; sourceTree = "<group>"; };
/* End PBXFileReference section */

/* Begin PBXFrameworksBuildPhase section */
		3D01D47B2339E3CC004ABC12 /* Frameworks */ = {
			isa = PBXFrameworksBuildPhase;
			buildActionMask = 2147483647;
			files = (
			);
			runOnlyForDeploymentPostprocessing = 0;
		};
/* End PBXFrameworksBuildPhase section */

/* Begin PBXGroup section */
		127412E62355A491009D2FF5 /* Add */ = {
			isa = PBXGroup;
			children = (
				127412E42355A46E009D2FF5 /* AddTodoViewController.swift */,
			);
			path = Add;
			sourceTree = "<group>";
		};
		3D01D4752339E3CC004ABC12 = {
			isa = PBXGroup;
			children = (
				3D01D4802339E3CC004ABC12 /* iOS_Academy_2019_2 */,
				3D01D47F2339E3CC004ABC12 /* Products */,
			);
			sourceTree = "<group>";
		};
		3D01D47F2339E3CC004ABC12 /* Products */ = {
			isa = PBXGroup;
			children = (
				3D01D47E2339E3CC004ABC12 /* iOS_Academy_2019_2.app */,
			);
			name = Products;
			sourceTree = "<group>";
		};
		3D01D4802339E3CC004ABC12 /* iOS_Academy_2019_2 */ = {
			isa = PBXGroup;
			children = (
				FF49609B2343316E0027313A /* Controller */,
				FF49609A234331640027313A /* Model */,
				FF496099234331490027313A /* View */,
				3D01D4812339E3CC004ABC12 /* AppDelegate.swift */,
				3D01D4832339E3CC004ABC12 /* SceneDelegate.swift */,
				3D01D48A2339E3CD004ABC12 /* Assets.xcassets */,
				3D01D48C2339E3CD004ABC12 /* LaunchScreen.storyboard */,
				3D01D48F2339E3CD004ABC12 /* Info.plist */,
			);
			path = iOS_Academy_2019_2;
			sourceTree = "<group>";
		};
		FF20BE32234C6B2B003E7DB5 /* List */ = {
			isa = PBXGroup;
			children = (
				3D01D4852339E3CC004ABC12 /* ViewController.swift */,
				FF49609723432F540027313A /* TodoTableViewCell.swift */,
			);
			path = List;
			sourceTree = "<group>";
		};
		FF20BE33234C6B6F003E7DB5 /* Detail */ = {
			isa = PBXGroup;
			children = (
				FF20BE36234C6BCC003E7DB5 /* DetailViewController.swift */,
			);
			path = Detail;
			sourceTree = "<group>";
		};
		FF496099234331490027313A /* View */ = {
			isa = PBXGroup;
			children = (
				FF20BE33234C6B6F003E7DB5 /* Detail */,
				FF20BE32234C6B2B003E7DB5 /* List */,
				3D01D4872339E3CC004ABC12 /* Main.storyboard */,
				127412E62355A491009D2FF5 /* Add */,
			);
			path = View;
			sourceTree = "<group>";
		};
		FF49609A234331640027313A /* Model */ = {
			isa = PBXGroup;
			children = (
				FF49609C234331D20027313A /* Todo.swift */,
			);
			path = Model;
			sourceTree = "<group>";
		};
		FF49609B2343316E0027313A /* Controller */ = {
			isa = PBXGroup;
			children = (
				FF49609E234332E20027313A /* TodoManager.swift */,
			);
			path = Controller;
			sourceTree = "<group>";
		};
/* End PBXGroup section */

/* Begin PBXNativeTarget section */
		3D01D47D2339E3CC004ABC12 /* iOS_Academy_2019_2 */ = {
			isa = PBXNativeTarget;
			buildConfigurationList = 3D01D4922339E3CD004ABC12 /* Build configuration list for PBXNativeTarget "iOS_Academy_2019_2" */;
			buildPhases = (
				3D01D47A2339E3CC004ABC12 /* Sources */,
				3D01D47B2339E3CC004ABC12 /* Frameworks */,
				3D01D47C2339E3CC004ABC12 /* Resources */,
			);
			buildRules = (
			);
			dependencies = (
			);
			name = iOS_Academy_2019_2;
			productName = iOS_Academy_2019_2;
			productReference = 3D01D47E2339E3CC004ABC12 /* iOS_Academy_2019_2.app */;
			productType = "com.apple.product-type.application";
		};
/* End PBXNativeTarget section */

/* Begin PBXProject section */
		3D01D4762339E3CC004ABC12 /* Project object */ = {
			isa = PBXProject;
			attributes = {
				LastSwiftUpdateCheck = 1100;
				LastUpgradeCheck = 1100;
				ORGANIZATIONNAME = Attrecto;
				TargetAttributes = {
					3D01D47D2339E3CC004ABC12 = {
						CreatedOnToolsVersion = 11.0;
					};
				};
			};
			buildConfigurationList = 3D01D4792339E3CC004ABC12 /* Build configuration list for PBXProject "iOS_Academy_2019_2" */;
			compatibilityVersion = "Xcode 9.3";
			developmentRegion = en;
			hasScannedForEncodings = 0;
			knownRegions = (
				en,
				Base,
			);
			mainGroup = 3D01D4752339E3CC004ABC12;
			productRefGroup = 3D01D47F2339E3CC004ABC12 /* Products */;
			projectDirPath = "";
			projectRoot = "";
			targets = (
				3D01D47D2339E3CC004ABC12 /* iOS_Academy_2019_2 */,
			);
		};
/* End PBXProject section */

/* Begin PBXResourcesBuildPhase section */
		3D01D47C2339E3CC004ABC12 /* Resources */ = {
			isa = PBXResourcesBuildPhase;
			buildActionMask = 2147483647;
			files = (
				3D01D48E2339E3CD004ABC12 /* LaunchScreen.storyboard in Resources */,
				3D01D48B2339E3CD004ABC12 /* Assets.xcassets in Resources */,
				3D01D4892339E3CC004ABC12 /* Main.storyboard in Resources */,
			);
			runOnlyForDeploymentPostprocessing = 0;
		};
/* End PBXResourcesBuildPhase section */

/* Begin PBXSourcesBuildPhase section */
		3D01D47A2339E3CC004ABC12 /* Sources */ = {
			isa = PBXSourcesBuildPhase;
			buildActionMask = 2147483647;
			files = (
				3D01D4862339E3CC004ABC12 /* ViewController.swift in Sources */,
				FF49609F234332E20027313A /* TodoManager.swift in Sources */,
				3D01D4822339E3CC004ABC12 /* AppDelegate.swift in Sources */,
				3D01D4842339E3CC004ABC12 /* SceneDelegate.swift in Sources */,
				127412E52355A46E009D2FF5 /* AddTodoViewController.swift in Sources */,
				FF49609823432F540027313A /* TodoTableViewCell.swift in Sources */,
				FF49609D234331D20027313A /* Todo.swift in Sources */,
				FF20BE37234C6BCC003E7DB5 /* DetailViewController.swift in Sources */,
			);
			runOnlyForDeploymentPostprocessing = 0;
		};
/* End PBXSourcesBuildPhase section */

/* Begin PBXVariantGroup section */
		3D01D4872339E3CC004ABC12 /* Main.storyboard */ = {
			isa = PBXVariantGroup;
			children = (
				3D01D4882339E3CC004ABC12 /* Base */,
			);
			name = Main.storyboard;
			sourceTree = "<group>";
		};
		3D01D48C2339E3CD004ABC12 /* LaunchScreen.storyboard */ = {
			isa = PBXVariantGroup;
			children = (
				3D01D48D2339E3CD004ABC12 /* Base */,
			);
			name = LaunchScreen.storyboard;
			sourceTree = "<group>";
		};
/* End PBXVariantGroup section */

/* Begin XCBuildConfiguration section */
		3D01D4902339E3CD004ABC12 /* Debug */ = {
			isa = XCBuildConfiguration;
			buildSettings = {
				ALWAYS_SEARCH_USER_PATHS = NO;
				CLANG_ANALYZER_NONNULL = YES;
				CLANG_ANALYZER_NUMBER_OBJECT_CONVERSION = YES_AGGRESSIVE;
				CLANG_CXX_LANGUAGE_STANDARD = "gnu++14";
				CLANG_CXX_LIBRARY = "libc++";
				CLANG_ENABLE_MODULES = YES;
				CLANG_ENABLE_OBJC_ARC = YES;
				CLANG_ENABLE_OBJC_WEAK = YES;
				CLANG_WARN_BLOCK_CAPTURE_AUTORELEASING = YES;
				CLANG_WARN_BOOL_CONVERSION = YES;
				CLANG_WARN_COMMA = YES;
				CLANG_WARN_CONSTANT_CONVERSION = YES;
				CLANG_WARN_DEPRECATED_OBJC_IMPLEMENTATIONS = YES;
				CLANG_WARN_DIRECT_OBJC_ISA_USAGE = YES_ERROR;
				CLANG_WARN_DOCUMENTATION_COMMENTS = YES;
				CLANG_WARN_EMPTY_BODY = YES;
				CLANG_WARN_ENUM_CONVERSION = YES;
				CLANG_WARN_INFINITE_RECURSION = YES;
				CLANG_WARN_INT_CONVERSION = YES;
				CLANG_WARN_NON_LITERAL_NULL_CONVERSION = YES;
				CLANG_WARN_OBJC_IMPLICIT_RETAIN_SELF = YES;
				CLANG_WARN_OBJC_LITERAL_CONVERSION = YES;
				CLANG_WARN_OBJC_ROOT_CLASS = YES_ERROR;
				CLANG_WARN_RANGE_LOOP_ANALYSIS = YES;
				CLANG_WARN_STRICT_PROTOTYPES = YES;
				CLANG_WARN_SUSPICIOUS_MOVE = YES;
				CLANG_WARN_UNGUARDED_AVAILABILITY = YES_AGGRESSIVE;
				CLANG_WARN_UNREACHABLE_CODE = YES;
				CLANG_WARN__DUPLICATE_METHOD_MATCH = YES;
				COPY_PHASE_STRIP = NO;
				DEBUG_INFORMATION_FORMAT = dwarf;
				ENABLE_STRICT_OBJC_MSGSEND = YES;
				ENABLE_TESTABILITY = YES;
				GCC_C_LANGUAGE_STANDARD = gnu11;
				GCC_DYNAMIC_NO_PIC = NO;
				GCC_NO_COMMON_BLOCKS = YES;
				GCC_OPTIMIZATION_LEVEL = 0;
				GCC_PREPROCESSOR_DEFINITIONS = (
					"DEBUG=1",
					"$(inherited)",
				);
				GCC_WARN_64_TO_32_BIT_CONVERSION = YES;
				GCC_WARN_ABOUT_RETURN_TYPE = YES_ERROR;
				GCC_WARN_UNDECLARED_SELECTOR = YES;
				GCC_WARN_UNINITIALIZED_AUTOS = YES_AGGRESSIVE;
				GCC_WARN_UNUSED_FUNCTION = YES;
				GCC_WARN_UNUSED_VARIABLE = YES;
				IPHONEOS_DEPLOYMENT_TARGET = 13.0;
				MTL_ENABLE_DEBUG_INFO = INCLUDE_SOURCE;
				MTL_FAST_MATH = YES;
				ONLY_ACTIVE_ARCH = YES;
				SDKROOT = iphoneos;
				SWIFT_ACTIVE_COMPILATION_CONDITIONS = DEBUG;
				SWIFT_OPTIMIZATION_LEVEL = "-Onone";
			};
			name = Debug;
		};
		3D01D4912339E3CD004ABC12 /* Release */ = {
			isa = XCBuildConfiguration;
			buildSettings = {
				ALWAYS_SEARCH_USER_PATHS = NO;
				CLANG_ANALYZER_NONNULL = YES;
				CLANG_ANALYZER_NUMBER_OBJECT_CONVERSION = YES_AGGRESSIVE;
				CLANG_CXX_LANGUAGE_STANDARD = "gnu++14";
				CLANG_CXX_LIBRARY = "libc++";
				CLANG_ENABLE_MODULES = YES;
				CLANG_ENABLE_OBJC_ARC = YES;
				CLANG_ENABLE_OBJC_WEAK = YES;
				CLANG_WARN_BLOCK_CAPTURE_AUTORELEASING = YES;
				CLANG_WARN_BOOL_CONVERSION = YES;
				CLANG_WARN_COMMA = YES;
				CLANG_WARN_CONSTANT_CONVERSION = YES;
				CLANG_WARN_DEPRECATED_OBJC_IMPLEMENTATIONS = YES;
				CLANG_WARN_DIRECT_OBJC_ISA_USAGE = YES_ERROR;
				CLANG_WARN_DOCUMENTATION_COMMENTS = YES;
				CLANG_WARN_EMPTY_BODY = YES;
				CLANG_WARN_ENUM_CONVERSION = YES;
				CLANG_WARN_INFINITE_RECURSION = YES;
				CLANG_WARN_INT_CONVERSION = YES;
				CLANG_WARN_NON_LITERAL_NULL_CONVERSION = YES;
				CLANG_WARN_OBJC_IMPLICIT_RETAIN_SELF = YES;
				CLANG_WARN_OBJC_LITERAL_CONVERSION = YES;
				CLANG_WARN_OBJC_ROOT_CLASS = YES_ERROR;
				CLANG_WARN_RANGE_LOOP_ANALYSIS = YES;
				CLANG_WARN_STRICT_PROTOTYPES = YES;
				CLANG_WARN_SUSPICIOUS_MOVE = YES;
				CLANG_WARN_UNGUARDED_AVAILABILITY = YES_AGGRESSIVE;
				CLANG_WARN_UNREACHABLE_CODE = YES;
				CLANG_WARN__DUPLICATE_METHOD_MATCH = YES;
				COPY_PHASE_STRIP = NO;
				DEBUG_INFORMATION_FORMAT = "dwarf-with-dsym";
				ENABLE_NS_ASSERTIONS = NO;
				ENABLE_STRICT_OBJC_MSGSEND = YES;
				GCC_C_LANGUAGE_STANDARD = gnu11;
				GCC_NO_COMMON_BLOCKS = YES;
				GCC_WARN_64_TO_32_BIT_CONVERSION = YES;
				GCC_WARN_ABOUT_RETURN_TYPE = YES_ERROR;
				GCC_WARN_UNDECLARED_SELECTOR = YES;
				GCC_WARN_UNINITIALIZED_AUTOS = YES_AGGRESSIVE;
				GCC_WARN_UNUSED_FUNCTION = YES;
				GCC_WARN_UNUSED_VARIABLE = YES;
				IPHONEOS_DEPLOYMENT_TARGET = 13.0;
				MTL_ENABLE_DEBUG_INFO = NO;
				MTL_FAST_MATH = YES;
				SDKROOT = iphoneos;
				SWIFT_COMPILATION_MODE = wholemodule;
				SWIFT_OPTIMIZATION_LEVEL = "-O";
				VALIDATE_PRODUCT = YES;
			};
			name = Release;
		};
		3D01D4932339E3CD004ABC12 /* Debug */ = {
			isa = XCBuildConfiguration;
			buildSettings = {
				ASSETCATALOG_COMPILER_APPICON_NAME = AppIcon;
				CODE_SIGN_STYLE = Automatic;
				DEVELOPMENT_TEAM = J8R8DF2XLU;
				INFOPLIST_FILE = iOS_Academy_2019_2/Info.plist;
				LD_RUNPATH_SEARCH_PATHS = (
					"$(inherited)",
					"@executable_path/Frameworks",
				);
				PRODUCT_BUNDLE_IDENTIFIER = "com.attrecto.iOS-Academy-2019-2";
				PRODUCT_NAME = "$(TARGET_NAME)";
				SWIFT_VERSION = 5.0;
				TARGETED_DEVICE_FAMILY = "1,2";
			};
			name = Debug;
		};
		3D01D4942339E3CD004ABC12 /* Release */ = {
			isa = XCBuildConfiguration;
			buildSettings = {
				ASSETCATALOG_COMPILER_APPICON_NAME = AppIcon;
				CODE_SIGN_STYLE = Automatic;
				DEVELOPMENT_TEAM = J8R8DF2XLU;
				INFOPLIST_FILE = iOS_Academy_2019_2/Info.plist;
				LD_RUNPATH_SEARCH_PATHS = (
					"$(inherited)",
					"@executable_path/Frameworks",
				);
				PRODUCT_BUNDLE_IDENTIFIER = "com.attrecto.iOS-Academy-2019-2";
				PRODUCT_NAME = "$(TARGET_NAME)";
				SWIFT_VERSION = 5.0;
				TARGETED_DEVICE_FAMILY = "1,2";
			};
			name = Release;
		};
/* End XCBuildConfiguration section */

/* Begin XCConfigurationList section */
		3D01D4792339E3CC004ABC12 /* Build configuration list for PBXProject "iOS_Academy_2019_2" */ = {
			isa = XCConfigurationList;
			buildConfigurations = (
				3D01D4902339E3CD004ABC12 /* Debug */,
				3D01D4912339E3CD004ABC12 /* Release */,
			);
			defaultConfigurationIsVisible = 0;
			defaultConfigurationName = Release;
		};
		3D01D4922339E3CD004ABC12 /* Build configuration list for PBXNativeTarget "iOS_Academy_2019_2" */ = {
			isa = XCConfigurationList;
			buildConfigurations = (
				3D01D4932339E3CD004ABC12 /* Debug */,
				3D01D4942339E3CD004ABC12 /* Release */,
			);
			defaultConfigurationIsVisible = 0;
			defaultConfigurationName = Release;
		};
/* End XCConfigurationList section */
	};
	rootObject = 3D01D4762339E3CC004ABC12 /* Project object */;
}
