// !$*UTF8*$!
{
	archiveVersion = 1;
	classes = {
	};
	objectVersion = 48;
	objects = {

/* Begin PBXBuildFile section */
		FF51A7762063AA6A00BF6578 /* AppDelegate.swift in Sources */ = {isa = PBXBuildFile; fileRef = FF51A7752063AA6A00BF6578 /* AppDelegate.swift */; };
		FF51A77B2063AA6A00BF6578 /* Main.storyboard in Resources */ = {isa = PBXBuildFile; fileRef = FF51A7792063AA6A00BF6578 /* Main.storyboard */; };
		FF51A77D2063AA6B00BF6578 /* Assets.xcassets in Resources */ = {isa = PBXBuildFile; fileRef = FF51A77C2063AA6B00BF6578 /* Assets.xcassets */; };
		FF51A7802063AA6B00BF6578 /* LaunchScreen.storyboard in Resources */ = {isa = PBXBuildFile; fileRef = FF51A77E2063AA6B00BF6578 /* LaunchScreen.storyboard */; };
		FF51A7892063AB1300BF6578 /* Todo.swift in Sources */ = {isa = PBXBuildFile; fileRef = FF51A7882063AB1300BF6578 /* Todo.swift */; };
		FF51A78C2063ADB900BF6578 /* TodoViewController.swift in Sources */ = {isa = PBXBuildFile; fileRef = FF51A78B2063ADB900BF6578 /* TodoViewController.swift */; };
		FF51A78F2063B72C00BF6578 /* TodoTableViewCell.swift in Sources */ = {isa = PBXBuildFile; fileRef = FF51A78E2063B72C00BF6578 /* TodoTableViewCell.swift */; };
/* End PBXBuildFile section */

/* Begin PBXFileReference section */
		FF51A7722063AA6A00BF6578 /* Todo.app */ = {isa = PBXFileReference; explicitFileType = wrapper.application; includeInIndex = 0; path = Todo.app; sourceTree = BUILT_PRODUCTS_DIR; };
		FF51A7752063AA6A00BF6578 /* AppDelegate.swift */ = {isa = PBXFileReference; lastKnownFileType = sourcecode.swift; path = AppDelegate.swift; sourceTree = "<group>"; };
		FF51A77A2063AA6A00BF6578 /* Base */ = {isa = PBXFileReference; lastKnownFileType = file.storyboard; name = Base; path = Base.lproj/Main.storyboard; sourceTree = "<group>"; };
		FF51A77C2063AA6B00BF6578 /* Assets.xcassets */ = {isa = PBXFileReference; lastKnownFileType = folder.assetcatalog; path = Assets.xcassets; sourceTree = "<group>"; };
		FF51A77F2063AA6B00BF6578 /* Base */ = {isa = PBXFileReference; lastKnownFileType = file.storyboard; name = Base; path = Base.lproj/LaunchScreen.storyboard; sourceTree = "<group>"; };
		FF51A7812063AA6B00BF6578 /* Info.plist */ = {isa = PBXFileReference; lastKnownFileType = text.plist.xml; path = Info.plist; sourceTree = "<group>"; };
		FF51A7882063AB1300BF6578 /* Todo.swift */ = {isa = PBXFileReference; lastKnownFileType = sourcecode.swift; path = Todo.swift; sourceTree = "<group>"; };
		FF51A78B2063ADB900BF6578 /* TodoViewController.swift */ = {isa = PBXFileReference; lastKnownFileType = sourcecode.swift; path = TodoViewController.swift; sourceTree = "<group>"; };
		FF51A78E2063B72C00BF6578 /* TodoTableViewCell.swift */ = {isa = PBXFileReference; lastKnownFileType = sourcecode.swift; path = TodoTableViewCell.swift; sourceTree = "<group>"; };
/* End PBXFileReference section */

/* Begin PBXFrameworksBuildPhase section */
		FF51A76F2063AA6A00BF6578 /* Frameworks */ = {
			isa = PBXFrameworksBuildPhase;
			buildActionMask = 2147483647;
			files = (
			);
			runOnlyForDeploymentPostprocessing = 0;
		};
/* End PBXFrameworksBuildPhase section */

/* Begin PBXGroup section */
		FF51A7692063AA6A00BF6578 = {
			isa = PBXGroup;
			children = (
				FF51A7742063AA6A00BF6578 /* Todo */,
				FF51A7732063AA6A00BF6578 /* Products */,
			);
			sourceTree = "<group>";
		};
		FF51A7732063AA6A00BF6578 /* Products */ = {
			isa = PBXGroup;
			children = (
				FF51A7722063AA6A00BF6578 /* Todo.app */,
			);
			name = Products;
			sourceTree = "<group>";
		};
		FF51A7742063AA6A00BF6578 /* Todo */ = {
			isa = PBXGroup;
			children = (
				FF51A78D2063ADDA00BF6578 /* View */,
				FF51A78A2063AD3400BF6578 /* Controller */,
				FF51A7872063AAC000BF6578 /* Model */,
				FF51A7752063AA6A00BF6578 /* AppDelegate.swift */,
				FF51A77C2063AA6B00BF6578 /* Assets.xcassets */,
				FF51A77E2063AA6B00BF6578 /* LaunchScreen.storyboard */,
				FF51A7812063AA6B00BF6578 /* Info.plist */,
			);
			path = Todo;
			sourceTree = "<group>";
		};
		FF51A7872063AAC000BF6578 /* Model */ = {
			isa = PBXGroup;
			children = (
				FF51A7882063AB1300BF6578 /* Todo.swift */,
			);
			path = Model;
			sourceTree = "<group>";
		};
		FF51A78A2063AD3400BF6578 /* Controller */ = {
			isa = PBXGroup;
			children = (
				FF51A78B2063ADB900BF6578 /* TodoViewController.swift */,
			);
			path = Controller;
			sourceTree = "<group>";
		};
		FF51A78D2063ADDA00BF6578 /* View */ = {
			isa = PBXGroup;
			children = (
				FF51A7792063AA6A00BF6578 /* Main.storyboard */,
				FF51A78E2063B72C00BF6578 /* TodoTableViewCell.swift */,
			);
			path = View;
			sourceTree = "<group>";
		};
/* End PBXGroup section */

/* Begin PBXNativeTarget section */
		FF51A7712063AA6A00BF6578 /* Todo */ = {
			isa = PBXNativeTarget;
			buildConfigurationList = FF51A7842063AA6B00BF6578 /* Build configuration list for PBXNativeTarget "Todo" */;
			buildPhases = (
				FF51A76E2063AA6A00BF6578 /* Sources */,
				FF51A76F2063AA6A00BF6578 /* Frameworks */,
				FF51A7702063AA6A00BF6578 /* Resources */,
			);
			buildRules = (
			);
			dependencies = (
			);
			name = Todo;
			productName = Todo;
			productReference = FF51A7722063AA6A00BF6578 /* Todo.app */;
			productType = "com.apple.product-type.application";
		};
/* End PBXNativeTarget section */

/* Begin PBXProject section */
		FF51A76A2063AA6A00BF6578 /* Project object */ = {
			isa = PBXProject;
			attributes = {
				LastSwiftUpdateCheck = 0920;
				LastUpgradeCheck = 0920;
				ORGANIZATIONNAME = com.attrecto.academy;
				TargetAttributes = {
					FF51A7712063AA6A00BF6578 = {
						CreatedOnToolsVersion = 9.2;
						ProvisioningStyle = Automatic;
					};
				};
			};
			buildConfigurationList = FF51A76D2063AA6A00BF6578 /* Build configuration list for PBXProject "Todo" */;
			compatibilityVersion = "Xcode 8.0";
			developmentRegion = en;
			hasScannedForEncodings = 0;
			knownRegions = (
				en,
				Base,
			);
			mainGroup = FF51A7692063AA6A00BF6578;
			productRefGroup = FF51A7732063AA6A00BF6578 /* Products */;
			projectDirPath = "";
			projectRoot = "";
			targets = (
				FF51A7712063AA6A00BF6578 /* Todo */,
			);
		};
/* End PBXProject section */

/* Begin PBXResourcesBuildPhase section */
		FF51A7702063AA6A00BF6578 /* Resources */ = {
			isa = PBXResourcesBuildPhase;
			buildActionMask = 2147483647;
			files = (
				FF51A7802063AA6B00BF6578 /* LaunchScreen.storyboard in Resources */,
				FF51A77D2063AA6B00BF6578 /* Assets.xcassets in Resources */,
				FF51A77B2063AA6A00BF6578 /* Main.storyboard in Resources */,
			);
			runOnlyForDeploymentPostprocessing = 0;
		};
/* End PBXResourcesBuildPhase section */

/* Begin PBXSourcesBuildPhase section */
		FF51A76E2063AA6A00BF6578 /* Sources */ = {
			isa = PBXSourcesBuildPhase;
			buildActionMask = 2147483647;
			files = (
				FF51A7892063AB1300BF6578 /* Todo.swift in Sources */,
				FF51A78C2063ADB900BF6578 /* TodoViewController.swift in Sources */,
				FF51A7762063AA6A00BF6578 /* AppDelegate.swift in Sources */,
				FF51A78F2063B72C00BF6578 /* TodoTableViewCell.swift in Sources */,
			);
			runOnlyForDeploymentPostprocessing = 0;
		};
/* End PBXSourcesBuildPhase section */

/* Begin PBXVariantGroup section */
		FF51A7792063AA6A00BF6578 /* Main.storyboard */ = {
			isa = PBXVariantGroup;
			children = (
				FF51A77A2063AA6A00BF6578 /* Base */,
			);
			name = Main.storyboard;
			sourceTree = "<group>";
		};
		FF51A77E2063AA6B00BF6578 /* LaunchScreen.storyboard */ = {
			isa = PBXVariantGroup;
			children = (
				FF51A77F2063AA6B00BF6578 /* Base */,
			);
			name = LaunchScreen.storyboard;
			sourceTree = "<group>";
		};
/* End PBXVariantGroup section */

/* Begin XCBuildConfiguration section */
		FF51A7822063AA6B00BF6578 /* Debug */ = {
			isa = XCBuildConfiguration;
			buildSettings = {
				ALWAYS_SEARCH_USER_PATHS = NO;
				CLANG_ANALYZER_NONNULL = YES;
				CLANG_ANALYZER_NUMBER_OBJECT_CONVERSION = YES_AGGRESSIVE;
				CLANG_CXX_LANGUAGE_STANDARD = "gnu++14";
				CLANG_CXX_LIBRARY = "libc++";
				CLANG_ENABLE_MODULES = YES;
				CLANG_ENABLE_OBJC_ARC = YES;
				CLANG_WARN_BLOCK_CAPTURE_AUTORELEASING = YES;
				CLANG_WARN_BOOL_CONVERSION = YES;
				CLANG_WARN_COMMA = YES;
				CLANG_WARN_CONSTANT_CONVERSION = YES;
				CLANG_WARN_DIRECT_OBJC_ISA_USAGE = YES_ERROR;
				CLANG_WARN_DOCUMENTATION_COMMENTS = YES;
				CLANG_WARN_EMPTY_BODY = YES;
				CLANG_WARN_ENUM_CONVERSION = YES;
				CLANG_WARN_INFINITE_RECURSION = YES;
				CLANG_WARN_INT_CONVERSION = YES;
				CLANG_WARN_NON_LITERAL_NULL_CONVERSION = YES;
				CLANG_WARN_OBJC_LITERAL_CONVERSION = YES;
				CLANG_WARN_OBJC_ROOT_CLASS = YES_ERROR;
				CLANG_WARN_RANGE_LOOP_ANALYSIS = YES;
				CLANG_WARN_STRICT_PROTOTYPES = YES;
				CLANG_WARN_SUSPICIOUS_MOVE = YES;
				CLANG_WARN_UNGUARDED_AVAILABILITY = YES_AGGRESSIVE;
				CLANG_WARN_UNREACHABLE_CODE = YES;
				CLANG_WARN__DUPLICATE_METHOD_MATCH = YES;
				CODE_SIGN_IDENTITY = "iPhone Developer";
				COPY_PHASE_STRIP = NO;
				DEBUG_INFORMATION_FORMAT = dwarf;
				ENABLE_STRICT_OBJC_MSGSEND = YES;
				ENABLE_TESTABILITY = YES;
				GCC_C_LANGUAGE_STANDARD = gnu11;
				GCC_DYNAMIC_NO_PIC = NO;
				GCC_NO_COMMON_BLOCKS = YES;
				GCC_OPTIMIZATION_LEVEL = 0;
				GCC_PREPROCESSOR_DEFINITIONS = (
					"DEBUG=1",
					"$(inherited)",
				);
				GCC_WARN_64_TO_32_BIT_CONVERSION = YES;
				GCC_WARN_ABOUT_RETURN_TYPE = YES_ERROR;
				GCC_WARN_UNDECLARED_SELECTOR = YES;
				GCC_WARN_UNINITIALIZED_AUTOS = YES_AGGRESSIVE;
				GCC_WARN_UNUSED_FUNCTION = YES;
				GCC_WARN_UNUSED_VARIABLE = YES;
				IPHONEOS_DEPLOYMENT_TARGET = 11.2;
				MTL_ENABLE_DEBUG_INFO = YES;
				ONLY_ACTIVE_ARCH = YES;
				SDKROOT = iphoneos;
				SWIFT_ACTIVE_COMPILATION_CONDITIONS = DEBUG;
				SWIFT_OPTIMIZATION_LEVEL = "-Onone";
			};
			name = Debug;
		};
		FF51A7832063AA6B00BF6578 /* Release */ = {
			isa = XCBuildConfiguration;
			buildSettings = {
				ALWAYS_SEARCH_USER_PATHS = NO;
				CLANG_ANALYZER_NONNULL = YES;
				CLANG_ANALYZER_NUMBER_OBJECT_CONVERSION = YES_AGGRESSIVE;
				CLANG_CXX_LANGUAGE_STANDARD = "gnu++14";
				CLANG_CXX_LIBRARY = "libc++";
				CLANG_ENABLE_MODULES = YES;
				CLANG_ENABLE_OBJC_ARC = YES;
				CLANG_WARN_BLOCK_CAPTURE_AUTORELEASING = YES;
				CLANG_WARN_BOOL_CONVERSION = YES;
				CLANG_WARN_COMMA = YES;
				CLANG_WARN_CONSTANT_CONVERSION = YES;
				CLANG_WARN_DIRECT_OBJC_ISA_USAGE = YES_ERROR;
				CLANG_WARN_DOCUMENTATION_COMMENTS = YES;
				CLANG_WARN_EMPTY_BODY = YES;
				CLANG_WARN_ENUM_CONVERSION = YES;
				CLANG_WARN_INFINITE_RECURSION = YES;
				CLANG_WARN_INT_CONVERSION = YES;
				CLANG_WARN_NON_LITERAL_NULL_CONVERSION = YES;
				CLANG_WARN_OBJC_LITERAL_CONVERSION = YES;
				CLANG_WARN_OBJC_ROOT_CLASS = YES_ERROR;
				CLANG_WARN_RANGE_LOOP_ANALYSIS = YES;
				CLANG_WARN_STRICT_PROTOTYPES = YES;
				CLANG_WARN_SUSPICIOUS_MOVE = YES;
				CLANG_WARN_UNGUARDED_AVAILABILITY = YES_AGGRESSIVE;
				CLANG_WARN_UNREACHABLE_CODE = YES;
				CLANG_WARN__DUPLICATE_METHOD_MATCH = YES;
				CODE_SIGN_IDENTITY = "iPhone Developer";
				COPY_PHASE_STRIP = NO;
				DEBUG_INFORMATION_FORMAT = "dwarf-with-dsym";
				ENABLE_NS_ASSERTIONS = NO;
				ENABLE_STRICT_OBJC_MSGSEND = YES;
				GCC_C_LANGUAGE_STANDARD = gnu11;
				GCC_NO_COMMON_BLOCKS = YES;
				GCC_WARN_64_TO_32_BIT_CONVERSION = YES;
				GCC_WARN_ABOUT_RETURN_TYPE = YES_ERROR;
				GCC_WARN_UNDECLARED_SELECTOR = YES;
				GCC_WARN_UNINITIALIZED_AUTOS = YES_AGGRESSIVE;
				GCC_WARN_UNUSED_FUNCTION = YES;
				GCC_WARN_UNUSED_VARIABLE = YES;
				IPHONEOS_DEPLOYMENT_TARGET = 11.2;
				MTL_ENABLE_DEBUG_INFO = NO;
				SDKROOT = iphoneos;
				SWIFT_OPTIMIZATION_LEVEL = "-Owholemodule";
				VALIDATE_PRODUCT = YES;
			};
			name = Release;
		};
		FF51A7852063AA6B00BF6578 /* Debug */ = {
			isa = XCBuildConfiguration;
			buildSettings = {
				ASSETCATALOG_COMPILER_APPICON_NAME = AppIcon;
				CODE_SIGN_STYLE = Automatic;
				DEVELOPMENT_TEAM = 9VT3LGCX93;
				INFOPLIST_FILE = Todo/Info.plist;
				LD_RUNPATH_SEARCH_PATHS = "$(inherited) @executable_path/Frameworks";
				PRODUCT_BUNDLE_IDENTIFIER = com.attrecto.academy.Todo;
				PRODUCT_NAME = "$(TARGET_NAME)";
				SWIFT_VERSION = 4.0;
				TARGETED_DEVICE_FAMILY = "1,2";
			};
			name = Debug;
		};
		FF51A7862063AA6B00BF6578 /* Release */ = {
			isa = XCBuildConfiguration;
			buildSettings = {
				ASSETCATALOG_COMPILER_APPICON_NAME = AppIcon;
				CODE_SIGN_STYLE = Automatic;
				DEVELOPMENT_TEAM = 9VT3LGCX93;
				INFOPLIST_FILE = Todo/Info.plist;
				LD_RUNPATH_SEARCH_PATHS = "$(inherited) @executable_path/Frameworks";
				PRODUCT_BUNDLE_IDENTIFIER = com.attrecto.academy.Todo;
				PRODUCT_NAME = "$(TARGET_NAME)";
				SWIFT_VERSION = 4.0;
				TARGETED_DEVICE_FAMILY = "1,2";
			};
			name = Release;
		};
/* End XCBuildConfiguration section */

/* Begin XCConfigurationList section */
		FF51A76D2063AA6A00BF6578 /* Build configuration list for PBXProject "Todo" */ = {
			isa = XCConfigurationList;
			buildConfigurations = (
				FF51A7822063AA6B00BF6578 /* Debug */,
				FF51A7832063AA6B00BF6578 /* Release */,
			);
			defaultConfigurationIsVisible = 0;
			defaultConfigurationName = Release;
		};
		FF51A7842063AA6B00BF6578 /* Build configuration list for PBXNativeTarget "Todo" */ = {
			isa = XCConfigurationList;
			buildConfigurations = (
				FF51A7852063AA6B00BF6578 /* Debug */,
				FF51A7862063AA6B00BF6578 /* Release */,
			);
			defaultConfigurationIsVisible = 0;
			defaultConfigurationName = Release;
		};
/* End XCConfigurationList section */
	};
	rootObject = FF51A76A2063AA6A00BF6578 /* Project object */;
}
